NeoBundleLock nerdtree af85499edace2acca27ce41790ac333f62b689bb
NeoBundleLock neobundle.vim a4c2ce81f007144e34a7064325d55b94beb04f0d
NeoBundleLock vim-surround 772ab9587b7d1e2c3bae75395c9123803059ba8a
NeoBundleLock tcomment_vim 16f4229c32c00c0d55236cb52c34c1e7cb2a2ec3
NeoBundleLock javacomplete f3d9ce93b4452baf5cb15b68d3b2a925a10a6e7d
